github.com/arcade55/htma v0.0.2 h1:1hhkx2U0bBIMB6HaHFgUvVoC3PyihISGkcYZ9ePVbk0=
github.com/arcade55/htma v0.0.2/go.mod h1:IauRo52JE4tBCpPW59IHOdvm176esyjulX5whGW6VNE=
github.com/arcade55/htma v0.0.3 h1:orgv0QcPgjlSDl4NemX9yHfjw/eISEwXTW6c1kU5jY0=
github.com/arcade55/htma v0.0.3/go.mod h1:IauRo52JE4tBCpPW59IHOdvm176esyjulX5whGW6VNE=
